// !$*UTF8*$!
{
	archiveVersion = 1;
	classes = {
	};
	objectVersion = 46;
	objects = {

/* Begin PBXBuildFile section */
		032ACE8E1AC6D27C00A39940 /* UIKit.framework in Frameworks */ = {isa = PBXBuildFile; fileRef = 032ACE8D1AC6D27C00A39940 /* UIKit.framework */; };
		032ACE901AC6D28300A39940 /* AppKit.framework in Frameworks */ = {isa = PBXBuildFile; fileRef = 032ACE8F1AC6D28300A39940 /* AppKit.framework */; };
		032ACE921AC91F2400A39940 /* Security.framework in Frameworks */ = {isa = PBXBuildFile; fileRef = 032ACE911AC91F2400A39940 /* Security.framework */; };
		032ACE941AC91F2C00A39940 /* Security.framework in Frameworks */ = {isa = PBXBuildFile; fileRef = 032ACE931AC91F2C00A39940 /* Security.framework */; };
		032ACE9F1AC9220100A39940 /* Nap.h in Headers */ = {isa = PBXBuildFile; fileRef = 03861F6F1AC67BF90017A9D0 /* Nap.h */; settings = {ATTRIBUTES = (Public, ); }; };
		03861F701AC67BF90017A9D0 /* Nap.h in Headers */ = {isa = PBXBuildFile; fileRef = 03861F6F1AC67BF90017A9D0 /* Nap.h */; settings = {ATTRIBUTES = (Public, ); }; };
		03861F761AC67BF90017A9D0 /* Nap.framework in Frameworks */ = {isa = PBXBuildFile; fileRef = 03861F6A1AC67BF90017A9D0 /* Nap.framework */; };
		03861F7D1AC67BF90017A9D0 /* NapTests.swift in Sources */ = {isa = PBXBuildFile; fileRef = 03861F7C1AC67BF90017A9D0 /* NapTests.swift */; };
		03861F871AC67F1E0017A9D0 /* Alamofire.framework in Frameworks */ = {isa = PBXBuildFile; fileRef = 03861F861AC67F1E0017A9D0 /* Alamofire.framework */; };
		03861FA81AC67F640017A9D0 /* Alamofire.framework in Frameworks */ = {isa = PBXBuildFile; fileRef = 03861FA71AC67F640017A9D0 /* Alamofire.framework */; };
		03861FDB1AC680E30017A9D0 /* AppDelegate.swift in Sources */ = {isa = PBXBuildFile; fileRef = 03861FDA1AC680E30017A9D0 /* AppDelegate.swift */; };
		03861FDD1AC680E30017A9D0 /* MasterViewController.swift in Sources */ = {isa = PBXBuildFile; fileRef = 03861FDC1AC680E30017A9D0 /* MasterViewController.swift */; };
		03861FDF1AC680E30017A9D0 /* DetailViewController.swift in Sources */ = {isa = PBXBuildFile; fileRef = 03861FDE1AC680E30017A9D0 /* DetailViewController.swift */; };
		03861FE21AC680E30017A9D0 /* Main.storyboard in Resources */ = {isa = PBXBuildFile; fileRef = 03861FE01AC680E30017A9D0 /* Main.storyboard */; };
		03861FE41AC680E30017A9D0 /* Images.xcassets in Resources */ = {isa = PBXBuildFile; fileRef = 03861FE31AC680E30017A9D0 /* Images.xcassets */; };
		03861FE71AC680E30017A9D0 /* LaunchScreen.xib in Resources */ = {isa = PBXBuildFile; fileRef = 03861FE51AC680E30017A9D0 /* LaunchScreen.xib */; };
		03861FF31AC680E40017A9D0 /* NapDemoTests.swift in Sources */ = {isa = PBXBuildFile; fileRef = 03861FF21AC680E40017A9D0 /* NapDemoTests.swift */; };
		03861FFD1AC681CB0017A9D0 /* Account.swift in Sources */ = {isa = PBXBuildFile; fileRef = 03861FFC1AC681CB0017A9D0 /* Account.swift */; };
		03861FFE1AC681CB0017A9D0 /* Account.swift in Sources */ = {isa = PBXBuildFile; fileRef = 03861FFC1AC681CB0017A9D0 /* Account.swift */; };
		038620031AC681E40017A9D0 /* iOSLoginViewController.swift in Sources */ = {isa = PBXBuildFile; fileRef = 038620021AC681E40017A9D0 /* iOSLoginViewController.swift */; };
		038620061AC6845E0017A9D0 /* AuthManager.swift in Sources */ = {isa = PBXBuildFile; fileRef = 038620051AC6845E0017A9D0 /* AuthManager.swift */; };
		038620071AC6845E0017A9D0 /* AuthManager.swift in Sources */ = {isa = PBXBuildFile; fileRef = 038620051AC6845E0017A9D0 /* AuthManager.swift */; };
		0386200E1AC689C70017A9D0 /* OAuth1.swift in Sources */ = {isa = PBXBuildFile; fileRef = 0386200D1AC689C70017A9D0 /* OAuth1.swift */; };
		0386200F1AC689C70017A9D0 /* OAuth1.swift in Sources */ = {isa = PBXBuildFile; fileRef = 0386200D1AC689C70017A9D0 /* OAuth1.swift */; };
		038620111AC689E20017A9D0 /* OAuth2.swift in Sources */ = {isa = PBXBuildFile; fileRef = 038620101AC689E20017A9D0 /* OAuth2.swift */; };
		038620121AC689E20017A9D0 /* OAuth2.swift in Sources */ = {isa = PBXBuildFile; fileRef = 038620101AC689E20017A9D0 /* OAuth2.swift */; };
		038620141AC689E80017A9D0 /* BasicAuth.swift in Sources */ = {isa = PBXBuildFile; fileRef = 038620131AC689E80017A9D0 /* BasicAuth.swift */; };
		038620151AC689E80017A9D0 /* BasicAuth.swift in Sources */ = {isa = PBXBuildFile; fileRef = 038620131AC689E80017A9D0 /* BasicAuth.swift */; };
		038620171AC689F10017A9D0 /* XAuth.swift in Sources */ = {isa = PBXBuildFile; fileRef = 038620161AC689F10017A9D0 /* XAuth.swift */; };
		038620181AC689F10017A9D0 /* XAuth.swift in Sources */ = {isa = PBXBuildFile; fileRef = 038620161AC689F10017A9D0 /* XAuth.swift */; };
		0386201A1AC689F70017A9D0 /* AppleAuth.swift in Sources */ = {isa = PBXBuildFile; fileRef = 038620191AC689F70017A9D0 /* AppleAuth.swift */; };
		0386201B1AC689F70017A9D0 /* AppleAuth.swift in Sources */ = {isa = PBXBuildFile; fileRef = 038620191AC689F70017A9D0 /* AppleAuth.swift */; };
		03CBBE201ADB5EBA005C3028 /* CryptoSwift.framework in Frameworks */ = {isa = PBXBuildFile; fileRef = 03CBBE1F1ADB5EBA005C3028 /* CryptoSwift.framework */; };
		03CBBE221ADB62CC005C3028 /* OSXLoginViewController.swift in Sources */ = {isa = PBXBuildFile; fileRef = 03CBBE211ADB62CC005C3028 /* OSXLoginViewController.swift */; };
/* End PBXBuildFile section */

/* Begin PBXContainerItemProxy section */
		03861F771AC67BF90017A9D0 /* PBXContainerItemProxy */ = {
			isa = PBXContainerItemProxy;
			containerPortal = 03861F611AC67BF80017A9D0 /* Project object */;
			proxyType = 1;
			remoteGlobalIDString = 03861F691AC67BF90017A9D0;
			remoteInfo = Nap;
		};
		03861FED1AC680E40017A9D0 /* PBXContainerItemProxy */ = {
			isa = PBXContainerItemProxy;
			containerPortal = 03861F611AC67BF80017A9D0 /* Project object */;
			proxyType = 1;
			remoteGlobalIDString = 03861FD51AC680E30017A9D0;
			remoteInfo = NapDemo;
		};
/* End PBXContainerItemProxy section */

/* Begin PBXFileReference section */
		032ACE8D1AC6D27C00A39940 /* UIKit.framework */ = {isa = PBXFileReference; lastKnownFileType = wrapper.framework; name = UIKit.framework; path = System/Library/Frameworks/UIKit.framework; sourceTree = SDKROOT; };
		032ACE8F1AC6D28300A39940 /* AppKit.framework */ = {isa = PBXFileReference; lastKnownFileType = wrapper.framework; name = AppKit.framework; path = Platforms/MacOSX.platform/Developer/SDKs/MacOSX10.10.sdk/System/Library/Frameworks/AppKit.framework; sourceTree = DEVELOPER_DIR; };
		032ACE911AC91F2400A39940 /* Security.framework */ = {isa = PBXFileReference; lastKnownFileType = wrapper.framework; name = Security.framework; path = System/Library/Frameworks/Security.framework; sourceTree = SDKROOT; };
		032ACE931AC91F2C00A39940 /* Security.framework */ = {isa = PBXFileReference; lastKnownFileType = wrapper.framework; name = Security.framework; path = Platforms/MacOSX.platform/Developer/SDKs/MacOSX10.10.sdk/System/Library/Frameworks/Security.framework; sourceTree = DEVELOPER_DIR; };
		03861F6A1AC67BF90017A9D0 /* Nap.framework */ = {isa = PBXFileReference; explicitFileType = wrapper.framework; includeInIndex = 0; path = Nap.framework; sourceTree = BUILT_PRODUCTS_DIR; };
		03861F6E1AC67BF90017A9D0 /* Info-iOS.plist */ = {isa = PBXFileReference; lastKnownFileType = text.plist.xml; path = "Info-iOS.plist"; sourceTree = "<group>"; };
		03861F6F1AC67BF90017A9D0 /* Nap.h */ = {isa = PBXFileReference; lastKnownFileType = sourcecode.c.h; path = Nap.h; sourceTree = "<group>"; };
		03861F751AC67BF90017A9D0 /* NapTests.xctest */ = {isa = PBXFileReference; explicitFileType = wrapper.cfbundle; includeInIndex = 0; path = NapTests.xctest; sourceTree = BUILT_PRODUCTS_DIR; };
		03861F7B1AC67BF90017A9D0 /* Info.plist */ = {isa = PBXFileReference; lastKnownFileType = text.plist.xml; path = Info.plist; sourceTree = "<group>"; };
		03861F7C1AC67BF90017A9D0 /* NapTests.swift */ = {isa = PBXFileReference; lastKnownFileType = sourcecode.swift; path = NapTests.swift; sourceTree = "<group>"; };
		03861F861AC67F1E0017A9D0 /* Alamofire.framework */ = {isa = PBXFileReference; lastKnownFileType = wrapper.framework; name = Alamofire.framework; path = ../../Personal/xingzhi/Application/Xingzhi/Carthage/Build/iOS/Alamofire.framework; sourceTree = "<group>"; };
		03861F8E1AC67F570017A9D0 /* Nap.framework */ = {isa = PBXFileReference; explicitFileType = wrapper.framework; includeInIndex = 0; path = Nap.framework; sourceTree = BUILT_PRODUCTS_DIR; };
		03861FA71AC67F640017A9D0 /* Alamofire.framework */ = {isa = PBXFileReference; lastKnownFileType = wrapper.framework; name = Alamofire.framework; path = ../../Personal/xingzhi/Application/Xingzhi/Carthage/Build/Mac/Alamofire.framework; sourceTree = "<group>"; };
		03861FD61AC680E30017A9D0 /* NapDemo.app */ = {isa = PBXFileReference; explicitFileType = wrapper.application; includeInIndex = 0; path = NapDemo.app; sourceTree = BUILT_PRODUCTS_DIR; };
		03861FD91AC680E30017A9D0 /* Info.plist */ = {isa = PBXFileReference; lastKnownFileType = text.plist.xml; path = Info.plist; sourceTree = "<group>"; };
		03861FDA1AC680E30017A9D0 /* AppDelegate.swift */ = {isa = PBXFileReference; lastKnownFileType = sourcecode.swift; path = AppDelegate.swift; sourceTree = "<group>"; };
		03861FDC1AC680E30017A9D0 /* MasterViewController.swift */ = {isa = PBXFileReference; lastKnownFileType = sourcecode.swift; path = MasterViewController.swift; sourceTree = "<group>"; };
		03861FDE1AC680E30017A9D0 /* DetailViewController.swift */ = {isa = PBXFileReference; lastKnownFileType = sourcecode.swift; path = DetailViewController.swift; sourceTree = "<group>"; };
		03861FE11AC680E30017A9D0 /* Base */ = {isa = PBXFileReference; lastKnownFileType = file.storyboard; name = Base; path = Base.lproj/Main.storyboard; sourceTree = "<group>"; };
		03861FE31AC680E30017A9D0 /* Images.xcassets */ = {isa = PBXFileReference; lastKnownFileType = folder.assetcatalog; path = Images.xcassets; sourceTree = "<group>"; };
		03861FE61AC680E30017A9D0 /* Base */ = {isa = PBXFileReference; lastKnownFileType = file.xib; name = Base; path = Base.lproj/LaunchScreen.xib; sourceTree = "<group>"; };
		03861FEC1AC680E30017A9D0 /* NapDemoTests.xctest */ = {isa = PBXFileReference; explicitFileType = wrapper.cfbundle; includeInIndex = 0; path = NapDemoTests.xctest; sourceTree = BUILT_PRODUCTS_DIR; };
		03861FF11AC680E40017A9D0 /* Info.plist */ = {isa = PBXFileReference; lastKnownFileType = text.plist.xml; path = Info.plist; sourceTree = "<group>"; };
		03861FF21AC680E40017A9D0 /* NapDemoTests.swift */ = {isa = PBXFileReference; lastKnownFileType = sourcecode.swift; path = NapDemoTests.swift; sourceTree = "<group>"; };
		03861FFA1AC681620017A9D0 /* Info-OSX.plist */ = {isa = PBXFileReference; lastKnownFileType = text.plist.xml; path = "Info-OSX.plist"; sourceTree = "<group>"; };
		03861FFC1AC681CB0017A9D0 /* Account.swift */ = {isa = PBXFileReference; fileEncoding = 4; lastKnownFileType = sourcecode.swift; path = Account.swift; sourceTree = "<group>"; };
		038620021AC681E40017A9D0 /* iOSLoginViewController.swift */ = {isa = PBXFileReference; fileEncoding = 4; lastKnownFileType = sourcecode.swift; path = iOSLoginViewController.swift; sourceTree = "<group>"; };
		038620051AC6845E0017A9D0 /* AuthManager.swift */ = {isa = PBXFileReference; fileEncoding = 4; lastKnownFileType = sourcecode.swift; path = AuthManager.swift; sourceTree = "<group>"; };
		0386200D1AC689C70017A9D0 /* OAuth1.swift */ = {isa = PBXFileReference; fileEncoding = 4; lastKnownFileType = sourcecode.swift; path = OAuth1.swift; sourceTree = "<group>"; };
		038620101AC689E20017A9D0 /* OAuth2.swift */ = {isa = PBXFileReference; fileEncoding = 4; lastKnownFileType = sourcecode.swift; path = OAuth2.swift; sourceTree = "<group>"; };
		038620131AC689E80017A9D0 /* BasicAuth.swift */ = {isa = PBXFileReference; fileEncoding = 4; lastKnownFileType = sourcecode.swift; path = BasicAuth.swift; sourceTree = "<group>"; };
		038620161AC689F10017A9D0 /* XAuth.swift */ = {isa = PBXFileReference; fileEncoding = 4; lastKnownFileType = sourcecode.swift; path = XAuth.swift; sourceTree = "<group>"; };
		038620191AC689F70017A9D0 /* AppleAuth.swift */ = {isa = PBXFileReference; fileEncoding = 4; lastKnownFileType = sourcecode.swift; path = AppleAuth.swift; sourceTree = "<group>"; };
		03CBBE1F1ADB5EBA005C3028 /* CryptoSwift.framework */ = {isa = PBXFileReference; lastKnownFileType = wrapper.framework; name = CryptoSwift.framework; path = "../CryptoSwift/build/Release-iphoneos/CryptoSwift.framework"; sourceTree = "<group>"; };
		03CBBE211ADB62CC005C3028 /* OSXLoginViewController.swift */ = {isa = PBXFileReference; fileEncoding = 4; lastKnownFileType = sourcecode.swift; path = OSXLoginViewController.swift; sourceTree = "<group>"; };
/* End PBXFileReference section */

/* Begin PBXFrameworksBuildPhase section */
		03861F661AC67BF90017A9D0 /* Frameworks */ = {
			isa = PBXFrameworksBuildPhase;
			buildActionMask = 2147483647;
			files = (
				032ACE8E1AC6D27C00A39940 /* UIKit.framework in Frameworks */,
				03861F871AC67F1E0017A9D0 /* Alamofire.framework in Frameworks */,
				032ACE921AC91F2400A39940 /* Security.framework in Frameworks */,
				03CBBE201ADB5EBA005C3028 /* CryptoSwift.framework in Frameworks */,
			);
			runOnlyForDeploymentPostprocessing = 0;
		};
		03861F721AC67BF90017A9D0 /* Frameworks */ = {
			isa = PBXFrameworksBuildPhase;
			buildActionMask = 2147483647;
			files = (
				03861F761AC67BF90017A9D0 /* Nap.framework in Frameworks */,
			);
			runOnlyForDeploymentPostprocessing = 0;
		};
		03861F8A1AC67F570017A9D0 /* Frameworks */ = {
			isa = PBXFrameworksBuildPhase;
			buildActionMask = 2147483647;
			files = (
				032ACE901AC6D28300A39940 /* AppKit.framework in Frameworks */,
				03861FA81AC67F640017A9D0 /* Alamofire.framework in Frameworks */,
				032ACE941AC91F2C00A39940 /* Security.framework in Frameworks */,
			);
			runOnlyForDeploymentPostprocessing = 0;
		};
		03861FD31AC680E30017A9D0 /* Frameworks */ = {
			isa = PBXFrameworksBuildPhase;
			buildActionMask = 2147483647;
			files = (
			);
			runOnlyForDeploymentPostprocessing = 0;
		};
		03861FE91AC680E30017A9D0 /* Frameworks */ = {
			isa = PBXFrameworksBuildPhase;
			buildActionMask = 2147483647;
			files = (
			);
			runOnlyForDeploymentPostprocessing = 0;
		};
/* End PBXFrameworksBuildPhase section */

/* Begin PBXGroup section */
		03861F601AC67BF80017A9D0 = {
			isa = PBXGroup;
			children = (
				03861F6C1AC67BF90017A9D0 /* Nap */,
				03861FD71AC680E30017A9D0 /* Demo */,
				03861F881AC67F220017A9D0 /* Frameworks */,
				0386201C1AC6909E0017A9D0 /* Tests */,
				03861F6B1AC67BF90017A9D0 /* Products */,
			);
			sourceTree = "<group>";
		};
		03861F6B1AC67BF90017A9D0 /* Products */ = {
			isa = PBXGroup;
			children = (
				03861F6A1AC67BF90017A9D0 /* Nap.framework */,
				03861F751AC67BF90017A9D0 /* NapTests.xctest */,
				03861F8E1AC67F570017A9D0 /* Nap.framework */,
				03861FD61AC680E30017A9D0 /* NapDemo.app */,
				03861FEC1AC680E30017A9D0 /* NapDemoTests.xctest */,
			);
			name = Products;
			sourceTree = "<group>";
		};
		03861F6C1AC67BF90017A9D0 /* Nap */ = {
			isa = PBXGroup;
			children = (
				03861FFB1AC681B70017A9D0 /* Authenticators */,
				03861FFC1AC681CB0017A9D0 /* Account.swift */,
				038620051AC6845E0017A9D0 /* AuthManager.swift */,
				038620021AC681E40017A9D0 /* iOSLoginViewController.swift */,
				03CBBE211ADB62CC005C3028 /* OSXLoginViewController.swift */,
				03861F6D1AC67BF90017A9D0 /* Supporting Files */,
			);
			path = Nap;
			sourceTree = "<group>";
		};
		03861F6D1AC67BF90017A9D0 /* Supporting Files */ = {
			isa = PBXGroup;
			children = (
				03861F6F1AC67BF90017A9D0 /* Nap.h */,
				03861F6E1AC67BF90017A9D0 /* Info-iOS.plist */,
				03861FFA1AC681620017A9D0 /* Info-OSX.plist */,
			);
			name = "Supporting Files";
			sourceTree = "<group>";
		};
		03861F791AC67BF90017A9D0 /* Nap */ = {
			isa = PBXGroup;
			children = (
				03861F7C1AC67BF90017A9D0 /* NapTests.swift */,
				03861F7A1AC67BF90017A9D0 /* Supporting Files */,
			);
			name = Nap;
			path = NapTests;
			sourceTree = "<group>";
		};
		03861F7A1AC67BF90017A9D0 /* Supporting Files */ = {
			isa = PBXGroup;
			children = (
				03861F7B1AC67BF90017A9D0 /* Info.plist */,
			);
			name = "Supporting Files";
			sourceTree = "<group>";
		};
		03861F881AC67F220017A9D0 /* Frameworks */ = {
			isa = PBXGroup;
			children = (
				03CBBE1F1ADB5EBA005C3028 /* CryptoSwift.framework */,
				032ACE931AC91F2C00A39940 /* Security.framework */,
				032ACE911AC91F2400A39940 /* Security.framework */,
				032ACE8F1AC6D28300A39940 /* AppKit.framework */,
				032ACE8D1AC6D27C00A39940 /* UIKit.framework */,
				03861FA71AC67F640017A9D0 /* Alamofire.framework */,
				03861F861AC67F1E0017A9D0 /* Alamofire.framework */,
			);
			name = Frameworks;
			sourceTree = "<group>";
		};
		03861FD71AC680E30017A9D0 /* Demo */ = {
			isa = PBXGroup;
			children = (
				03861FDA1AC680E30017A9D0 /* AppDelegate.swift */,
				03861FDC1AC680E30017A9D0 /* MasterViewController.swift */,
				03861FDE1AC680E30017A9D0 /* DetailViewController.swift */,
				03861FE01AC680E30017A9D0 /* Main.storyboard */,
				03861FE31AC680E30017A9D0 /* Images.xcassets */,
				03861FE51AC680E30017A9D0 /* LaunchScreen.xib */,
				03861FD81AC680E30017A9D0 /* Supporting Files */,
			);
			name = Demo;
			path = NapDemo;
			sourceTree = "<group>";
		};
		03861FD81AC680E30017A9D0 /* Supporting Files */ = {
			isa = PBXGroup;
			children = (
				03861FD91AC680E30017A9D0 /* Info.plist */,
			);
			name = "Supporting Files";
			sourceTree = "<group>";
		};
		03861FEF1AC680E40017A9D0 /* Demo */ = {
			isa = PBXGroup;
			children = (
				03861FF21AC680E40017A9D0 /* NapDemoTests.swift */,
				03861FF01AC680E40017A9D0 /* Supporting Files */,
			);
			name = Demo;
			path = NapDemoTests;
			sourceTree = "<group>";
		};
		03861FF01AC680E40017A9D0 /* Supporting Files */ = {
			isa = PBXGroup;
			children = (
				03861FF11AC680E40017A9D0 /* Info.plist */,
			);
			name = "Supporting Files";
			sourceTree = "<group>";
		};
		03861FFB1AC681B70017A9D0 /* Authenticators */ = {
			isa = PBXGroup;
			children = (
				038620131AC689E80017A9D0 /* BasicAuth.swift */,
				0386200D1AC689C70017A9D0 /* OAuth1.swift */,
				038620101AC689E20017A9D0 /* OAuth2.swift */,
				038620161AC689F10017A9D0 /* XAuth.swift */,
				038620191AC689F70017A9D0 /* AppleAuth.swift */,
			);
			name = Authenticators;
			sourceTree = "<group>";
		};
		0386201C1AC6909E0017A9D0 /* Tests */ = {
			isa = PBXGroup;
			children = (
				03861F791AC67BF90017A9D0 /* Nap */,
				03861FEF1AC680E40017A9D0 /* Demo */,
			);
			name = Tests;
			sourceTree = "<group>";
		};
/* End PBXGroup section */

/* Begin PBXHeadersBuildPhase section */
		03861F671AC67BF90017A9D0 /* Headers */ = {
			isa = PBXHeadersBuildPhase;
			buildActionMask = 2147483647;
			files = (
				03861F701AC67BF90017A9D0 /* Nap.h in Headers */,
			);
			runOnlyForDeploymentPostprocessing = 0;
		};
		03861F8B1AC67F570017A9D0 /* Headers */ = {
			isa = PBXHeadersBuildPhase;
			buildActionMask = 2147483647;
			files = (
				032ACE9F1AC9220100A39940 /* Nap.h in Headers */,
			);
			runOnlyForDeploymentPostprocessing = 0;
		};
/* End PBXHeadersBuildPhase section */

/* Begin PBXNativeTarget section */
		03861F691AC67BF90017A9D0 /* Nap iOS */ = {
			isa = PBXNativeTarget;
			buildConfigurationList = 03861F801AC67BF90017A9D0 /* Build configuration list for PBXNativeTarget "Nap iOS" */;
			buildPhases = (
				03861F651AC67BF90017A9D0 /* Sources */,
				03861F661AC67BF90017A9D0 /* Frameworks */,
				03861F671AC67BF90017A9D0 /* Headers */,
				03861F681AC67BF90017A9D0 /* Resources */,
			);
			buildRules = (
			);
			dependencies = (
			);
			name = "Nap iOS";
			productName = Nap;
			productReference = 03861F6A1AC67BF90017A9D0 /* Nap.framework */;
			productType = "com.apple.product-type.framework";
		};
		03861F741AC67BF90017A9D0 /* NapTests */ = {
			isa = PBXNativeTarget;
			buildConfigurationList = 03861F831AC67BF90017A9D0 /* Build configuration list for PBXNativeTarget "NapTests" */;
			buildPhases = (
				03861F711AC67BF90017A9D0 /* Sources */,
				03861F721AC67BF90017A9D0 /* Frameworks */,
				03861F731AC67BF90017A9D0 /* Resources */,
			);
			buildRules = (
			);
			dependencies = (
				03861F781AC67BF90017A9D0 /* PBXTargetDependency */,
			);
			name = NapTests;
			productName = NapTests;
			productReference = 03861F751AC67BF90017A9D0 /* NapTests.xctest */;
			productType = "com.apple.product-type.bundle.unit-test";
		};
		03861F8D1AC67F570017A9D0 /* Nap OSX */ = {
			isa = PBXNativeTarget;
			buildConfigurationList = 03861FA11AC67F570017A9D0 /* Build configuration list for PBXNativeTarget "Nap OSX" */;
			buildPhases = (
				03861F891AC67F570017A9D0 /* Sources */,
				03861F8A1AC67F570017A9D0 /* Frameworks */,
				03861F8B1AC67F570017A9D0 /* Headers */,
				03861F8C1AC67F570017A9D0 /* Resources */,
			);
			buildRules = (
			);
			dependencies = (
			);
			name = "Nap OSX";
			productName = "Nap OSX";
			productReference = 03861F8E1AC67F570017A9D0 /* Nap.framework */;
			productType = "com.apple.product-type.framework";
		};
		03861FD51AC680E30017A9D0 /* NapDemo */ = {
			isa = PBXNativeTarget;
			buildConfigurationList = 03861FF41AC680E40017A9D0 /* Build configuration list for PBXNativeTarget "NapDemo" */;
			buildPhases = (
				03861FD21AC680E30017A9D0 /* Sources */,
				03861FD31AC680E30017A9D0 /* Frameworks */,
				03861FD41AC680E30017A9D0 /* Resources */,
			);
			buildRules = (
			);
			dependencies = (
			);
			name = NapDemo;
			productName = NapDemo;
			productReference = 03861FD61AC680E30017A9D0 /* NapDemo.app */;
			productType = "com.apple.product-type.application";
		};
		03861FEB1AC680E30017A9D0 /* NapDemoTests */ = {
			isa = PBXNativeTarget;
			buildConfigurationList = 03861FF71AC680E40017A9D0 /* Build configuration list for PBXNativeTarget "NapDemoTests" */;
			buildPhases = (
				03861FE81AC680E30017A9D0 /* Sources */,
				03861FE91AC680E30017A9D0 /* Frameworks */,
				03861FEA1AC680E30017A9D0 /* Resources */,
			);
			buildRules = (
			);
			dependencies = (
				03861FEE1AC680E40017A9D0 /* PBXTargetDependency */,
			);
			name = NapDemoTests;
			productName = NapDemoTests;
			productReference = 03861FEC1AC680E30017A9D0 /* NapDemoTests.xctest */;
			productType = "com.apple.product-type.bundle.unit-test";
		};
/* End PBXNativeTarget section */

/* Begin PBXProject section */
		03861F611AC67BF80017A9D0 /* Project object */ = {
			isa = PBXProject;
			attributes = {
				LastUpgradeCheck = 0630;
				ORGANIZATIONNAME = "Extremely Limited";
				TargetAttributes = {
					03861F691AC67BF90017A9D0 = {
						CreatedOnToolsVersion = 6.3;
					};
					03861F741AC67BF90017A9D0 = {
						CreatedOnToolsVersion = 6.3;
					};
					03861F8D1AC67F570017A9D0 = {
						CreatedOnToolsVersion = 6.3;
					};
					03861FD51AC680E30017A9D0 = {
						CreatedOnToolsVersion = 6.3;
					};
					03861FEB1AC680E30017A9D0 = {
						CreatedOnToolsVersion = 6.3;
						TestTargetID = 03861FD51AC680E30017A9D0;
					};
				};
			};
			buildConfigurationList = 03861F641AC67BF80017A9D0 /* Build configuration list for PBXProject "Nap" */;
			compatibilityVersion = "Xcode 3.2";
			developmentRegion = English;
			hasScannedForEncodings = 0;
			knownRegions = (
				en,
				Base,
			);
			mainGroup = 03861F601AC67BF80017A9D0;
			productRefGroup = 03861F6B1AC67BF90017A9D0 /* Products */;
			projectDirPath = "";
			projectRoot = "";
			targets = (
				03861F691AC67BF90017A9D0 /* Nap iOS */,
				03861F8D1AC67F570017A9D0 /* Nap OSX */,
				03861FD51AC680E30017A9D0 /* NapDemo */,
				03861F741AC67BF90017A9D0 /* NapTests */,
				03861FEB1AC680E30017A9D0 /* NapDemoTests */,
			);
		};
/* End PBXProject section */

/* Begin PBXResourcesBuildPhase section */
		03861F681AC67BF90017A9D0 /* Resources */ = {
			isa = PBXResourcesBuildPhase;
			buildActionMask = 2147483647;
			files = (
			);
			runOnlyForDeploymentPostprocessing = 0;
		};
		03861F731AC67BF90017A9D0 /* Resources */ = {
			isa = PBXResourcesBuildPhase;
			buildActionMask = 2147483647;
			files = (
			);
			runOnlyForDeploymentPostprocessing = 0;
		};
		03861F8C1AC67F570017A9D0 /* Resources */ = {
			isa = PBXResourcesBuildPhase;
			buildActionMask = 2147483647;
			files = (
			);
			runOnlyForDeploymentPostprocessing = 0;
		};
		03861FD41AC680E30017A9D0 /* Resources */ = {
			isa = PBXResourcesBuildPhase;
			buildActionMask = 2147483647;
			files = (
				03861FE21AC680E30017A9D0 /* Main.storyboard in Resources */,
				03861FE71AC680E30017A9D0 /* LaunchScreen.xib in Resources */,
				03861FE41AC680E30017A9D0 /* Images.xcassets in Resources */,
			);
			runOnlyForDeploymentPostprocessing = 0;
		};
		03861FEA1AC680E30017A9D0 /* Resources */ = {
			isa = PBXResourcesBuildPhase;
			buildActionMask = 2147483647;
			files = (
			);
			runOnlyForDeploymentPostprocessing = 0;
		};
/* End PBXResourcesBuildPhase section */

/* Begin PBXSourcesBuildPhase section */
		03861F651AC67BF90017A9D0 /* Sources */ = {
			isa = PBXSourcesBuildPhase;
			buildActionMask = 2147483647;
			files = (
				038620031AC681E40017A9D0 /* iOSLoginViewController.swift in Sources */,
				038620171AC689F10017A9D0 /* XAuth.swift in Sources */,
				038620061AC6845E0017A9D0 /* AuthManager.swift in Sources */,
				038620111AC689E20017A9D0 /* OAuth2.swift in Sources */,
				03861FFD1AC681CB0017A9D0 /* Account.swift in Sources */,
				038620141AC689E80017A9D0 /* BasicAuth.swift in Sources */,
				0386201A1AC689F70017A9D0 /* AppleAuth.swift in Sources */,
				0386200E1AC689C70017A9D0 /* OAuth1.swift in Sources */,
			);
			runOnlyForDeploymentPostprocessing = 0;
		};
		03861F711AC67BF90017A9D0 /* Sources */ = {
			isa = PBXSourcesBuildPhase;
			buildActionMask = 2147483647;
			files = (
				03861F7D1AC67BF90017A9D0 /* NapTests.swift in Sources */,
			);
			runOnlyForDeploymentPostprocessing = 0;
		};
		03861F891AC67F570017A9D0 /* Sources */ = {
			isa = PBXSourcesBuildPhase;
			buildActionMask = 2147483647;
			files = (
				038620181AC689F10017A9D0 /* XAuth.swift in Sources */,
				038620071AC6845E0017A9D0 /* AuthManager.swift in Sources */,
				038620121AC689E20017A9D0 /* OAuth2.swift in Sources */,
				03861FFE1AC681CB0017A9D0 /* Account.swift in Sources */,
				03CBBE221ADB62CC005C3028 /* OSXLoginViewController.swift in Sources */,
				038620151AC689E80017A9D0 /* BasicAuth.swift in Sources */,
				0386201B1AC689F70017A9D0 /* AppleAuth.swift in Sources */,
				0386200F1AC689C70017A9D0 /* OAuth1.swift in Sources */,
			);
			runOnlyForDeploymentPostprocessing = 0;
		};
		03861FD21AC680E30017A9D0 /* Sources */ = {
			isa = PBXSourcesBuildPhase;
			buildActionMask = 2147483647;
			files = (
				03861FDF1AC680E30017A9D0 /* DetailViewController.swift in Sources */,
				03861FDD1AC680E30017A9D0 /* MasterViewController.swift in Sources */,
				03861FDB1AC680E30017A9D0 /* AppDelegate.swift in Sources */,
			);
			runOnlyForDeploymentPostprocessing = 0;
		};
		03861FE81AC680E30017A9D0 /* Sources */ = {
			isa = PBXSourcesBuildPhase;
			buildActionMask = 2147483647;
			files = (
				03861FF31AC680E40017A9D0 /* NapDemoTests.swift in Sources */,
			);
			runOnlyForDeploymentPostprocessing = 0;
		};
/* End PBXSourcesBuildPhase section */

/* Begin PBXTargetDependency section */
		03861F781AC67BF90017A9D0 /* PBXTargetDependency */ = {
			isa = PBXTargetDependency;
			target = 03861F691AC67BF90017A9D0 /* Nap iOS */;
			targetProxy = 03861F771AC67BF90017A9D0 /* PBXContainerItemProxy */;
		};
		03861FEE1AC680E40017A9D0 /* PBXTargetDependency */ = {
			isa = PBXTargetDependency;
			target = 03861FD51AC680E30017A9D0 /* NapDemo */;
			targetProxy = 03861FED1AC680E40017A9D0 /* PBXContainerItemProxy */;
		};
/* End PBXTargetDependency section */

/* Begin PBXVariantGroup section */
		03861FE01AC680E30017A9D0 /* Main.storyboard */ = {
			isa = PBXVariantGroup;
			children = (
				03861FE11AC680E30017A9D0 /* Base */,
			);
			name = Main.storyboard;
			sourceTree = "<group>";
		};
		03861FE51AC680E30017A9D0 /* LaunchScreen.xib */ = {
			isa = PBXVariantGroup;
			children = (
				03861FE61AC680E30017A9D0 /* Base */,
			);
			name = LaunchScreen.xib;
			sourceTree = "<group>";
		};
/* End PBXVariantGroup section */

/* Begin XCBuildConfiguration section */
		03861F7E1AC67BF90017A9D0 /* Debug */ = {
			isa = XCBuildConfiguration;
			buildSettings = {
				ALWAYS_SEARCH_USER_PATHS = NO;
				CLANG_CXX_LANGUAGE_STANDARD = "gnu++0x";
				CLANG_CXX_LIBRARY = "libc++";
				CLANG_ENABLE_MODULES = YES;
				CLANG_ENABLE_OBJC_ARC = YES;
				CLANG_WARN_BOOL_CONVERSION = YES;
				CLANG_WARN_CONSTANT_CONVERSION = YES;
				CLANG_WARN_DIRECT_OBJC_ISA_USAGE = YES_ERROR;
				CLANG_WARN_EMPTY_BODY = YES;
				CLANG_WARN_ENUM_CONVERSION = YES;
				CLANG_WARN_INT_CONVERSION = YES;
				CLANG_WARN_OBJC_ROOT_CLASS = YES_ERROR;
				CLANG_WARN_UNREACHABLE_CODE = YES;
				CLANG_WARN__DUPLICATE_METHOD_MATCH = YES;
				"CODE_SIGN_IDENTITY[sdk=iphoneos*]" = "iPhone Developer";
				COPY_PHASE_STRIP = NO;
				CURRENT_PROJECT_VERSION = 1;
				DEBUG_INFORMATION_FORMAT = "dwarf-with-dsym";
				ENABLE_STRICT_OBJC_MSGSEND = YES;
				GCC_C_LANGUAGE_STANDARD = gnu99;
				GCC_DYNAMIC_NO_PIC = NO;
				GCC_NO_COMMON_BLOCKS = YES;
				GCC_OPTIMIZATION_LEVEL = 0;
				GCC_PREPROCESSOR_DEFINITIONS = (
					"DEBUG=1",
					"$(inherited)",
				);
				GCC_SYMBOLS_PRIVATE_EXTERN = NO;
				GCC_WARN_64_TO_32_BIT_CONVERSION = YES;
				GCC_WARN_ABOUT_RETURN_TYPE = YES_ERROR;
				GCC_WARN_UNDECLARED_SELECTOR = YES;
				GCC_WARN_UNINITIALIZED_AUTOS = YES_AGGRESSIVE;
				GCC_WARN_UNUSED_FUNCTION = YES;
				GCC_WARN_UNUSED_VARIABLE = YES;
				IPHONEOS_DEPLOYMENT_TARGET = 8.0;
				MACOSX_DEPLOYMENT_TARGET = 10.10;
				MTL_ENABLE_DEBUG_INFO = YES;
				ONLY_ACTIVE_ARCH = YES;
				SDKROOT = iphoneos;
				SWIFT_OBJC_BRIDGING_HEADER = "";
				SWIFT_OPTIMIZATION_LEVEL = "-Onone";
				TARGETED_DEVICE_FAMILY = "1,2";
				VERSIONING_SYSTEM = "apple-generic";
				VERSION_INFO_PREFIX = "";
			};
			name = Debug;
		};
		03861F7F1AC67BF90017A9D0 /* Release */ = {
			isa = XCBuildConfiguration;
			buildSettings = {
				ALWAYS_SEARCH_USER_PATHS = NO;
				CLANG_CXX_LANGUAGE_STANDARD = "gnu++0x";
				CLANG_CXX_LIBRARY = "libc++";
				CLANG_ENABLE_MODULES = YES;
				CLANG_ENABLE_OBJC_ARC = YES;
				CLANG_WARN_BOOL_CONVERSION = YES;
				CLANG_WARN_CONSTANT_CONVERSION = YES;
				CLANG_WARN_DIRECT_OBJC_ISA_USAGE = YES_ERROR;
				CLANG_WARN_EMPTY_BODY = YES;
				CLANG_WARN_ENUM_CONVERSION = YES;
				CLANG_WARN_INT_CONVERSION = YES;
				CLANG_WARN_OBJC_ROOT_CLASS = YES_ERROR;
				CLANG_WARN_UNREACHABLE_CODE = YES;
				CLANG_WARN__DUPLICATE_METHOD_MATCH = YES;
				"CODE_SIGN_IDENTITY[sdk=iphoneos*]" = "iPhone Developer";
				COPY_PHASE_STRIP = NO;
				CURRENT_PROJECT_VERSION = 1;
				DEBUG_INFORMATION_FORMAT = "dwarf-with-dsym";
				ENABLE_NS_ASSERTIONS = NO;
				ENABLE_STRICT_OBJC_MSGSEND = YES;
				GCC_C_LANGUAGE_STANDARD = gnu99;
				GCC_NO_COMMON_BLOCKS = YES;
				GCC_WARN_64_TO_32_BIT_CONVERSION = YES;
				GCC_WARN_ABOUT_RETURN_TYPE = YES_ERROR;
				GCC_WARN_UNDECLARED_SELECTOR = YES;
				GCC_WARN_UNINITIALIZED_AUTOS = YES_AGGRESSIVE;
				GCC_WARN_UNUSED_FUNCTION = YES;
				GCC_WARN_UNUSED_VARIABLE = YES;
				IPHONEOS_DEPLOYMENT_TARGET = 8.0;
				MACOSX_DEPLOYMENT_TARGET = 10.10;
				MTL_ENABLE_DEBUG_INFO = NO;
				SDKROOT = iphoneos;
				SWIFT_OBJC_BRIDGING_HEADER = "";
				TARGETED_DEVICE_FAMILY = "1,2";
				VALIDATE_PRODUCT = YES;
				VERSIONING_SYSTEM = "apple-generic";
				VERSION_INFO_PREFIX = "";
			};
			name = Release;
		};
		03861F811AC67BF90017A9D0 /* Debug */ = {
			isa = XCBuildConfiguration;
			buildSettings = {
				CLANG_ENABLE_MODULES = YES;
				DEFINES_MODULE = YES;
				DYLIB_COMPATIBILITY_VERSION = 1;
				DYLIB_CURRENT_VERSION = 1;
				DYLIB_INSTALL_NAME_BASE = "@rpath";
				FRAMEWORK_SEARCH_PATHS = (
					"$(inherited)",
					/Users/remaerd/Documents/Projects/Personal/xingzhi/Application/Xingzhi/Carthage/Build/iOS,
					"/Users/remaerd/Documents/Projects/OpenSource/CryptoSwift/build/Release-iphoneos",
				);
				INFOPLIST_FILE = "$(SRCROOT)/Nap/Info-iOS.plist";
				INSTALL_PATH = "$(LOCAL_LIBRARY_DIR)/Frameworks";
				LD_RUNPATH_SEARCH_PATHS = "$(inherited) @executable_path/Frameworks @loader_path/Frameworks";
				PRODUCT_NAME = Nap;
				SKIP_INSTALL = YES;
				SWIFT_INCLUDE_PATHS = "${SRCROOT}/CommonCrypto";
				SWIFT_OBJC_BRIDGING_HEADER = "";
				SWIFT_OPTIMIZATION_LEVEL = "-Onone";
			};
			name = Debug;
		};
		03861F821AC67BF90017A9D0 /* Release */ = {
			isa = XCBuildConfiguration;
			buildSettings = {
				CLANG_ENABLE_MODULES = YES;
				DEFINES_MODULE = YES;
				DYLIB_COMPATIBILITY_VERSION = 1;
				DYLIB_CURRENT_VERSION = 1;
				DYLIB_INSTALL_NAME_BASE = "@rpath";
				FRAMEWORK_SEARCH_PATHS = (
					"$(inherited)",
					/Users/remaerd/Documents/Projects/Personal/xingzhi/Application/Xingzhi/Carthage/Build/iOS,
					"/Users/remaerd/Documents/Projects/OpenSource/CryptoSwift/build/Release-iphoneos",
				);
				INFOPLIST_FILE = "$(SRCROOT)/Nap/Info-iOS.plist";
				INSTALL_PATH = "$(LOCAL_LIBRARY_DIR)/Frameworks";
				LD_RUNPATH_SEARCH_PATHS = "$(inherited) @executable_path/Frameworks @loader_path/Frameworks";
				PRODUCT_NAME = Nap;
				SKIP_INSTALL = YES;
				SWIFT_INCLUDE_PATHS = "${SRCROOT}/CommonCrypto";
				SWIFT_OBJC_BRIDGING_HEADER = "";
			};
			name = Release;
		};
		03861F841AC67BF90017A9D0 /* Debug */ = {
			isa = XCBuildConfiguration;
			buildSettings = {
				FRAMEWORK_SEARCH_PATHS = (
					"$(SDKROOT)/Developer/Library/Frameworks",
					"$(inherited)",
				);
				GCC_PREPROCESSOR_DEFINITIONS = (
					"DEBUG=1",
					"$(inherited)",
				);
				INFOPLIST_FILE = NapTests/Info.plist;
				LD_RUNPATH_SEARCH_PATHS = "$(inherited) @executable_path/Frameworks @loader_path/Frameworks";
				PRODUCT_NAME = "$(TARGET_NAME)";
			};
			name = Debug;
		};
		03861F851AC67BF90017A9D0 /* Release */ = {
			isa = XCBuildConfiguration;
			buildSettings = {
				FRAMEWORK_SEARCH_PATHS = (
					"$(SDKROOT)/Developer/Library/Frameworks",
					"$(inherited)",
				);
				INFOPLIST_FILE = NapTests/Info.plist;
				LD_RUNPATH_SEARCH_PATHS = "$(inherited) @executable_path/Frameworks @loader_path/Frameworks";
				PRODUCT_NAME = "$(TARGET_NAME)";
			};
			name = Release;
		};
		03861FA21AC67F570017A9D0 /* Debug */ = {
			isa = XCBuildConfiguration;
			buildSettings = {
				CLANG_ENABLE_MODULES = YES;
				COMBINE_HIDPI_IMAGES = YES;
				DEBUG_INFORMATION_FORMAT = dwarf;
				DEFINES_MODULE = YES;
				DYLIB_COMPATIBILITY_VERSION = 1;
				DYLIB_CURRENT_VERSION = 1;
				DYLIB_INSTALL_NAME_BASE = "@rpath";
				FRAMEWORK_SEARCH_PATHS = (
					"$(inherited)",
					/Users/remaerd/Documents/Projects/Personal/xingzhi/Application/Xingzhi/Carthage/Build/Mac,
					"$(PROJECT_DIR)/build/Release-iphoneos",
				);
				FRAMEWORK_VERSION = A;
				GCC_PREPROCESSOR_DEFINITIONS = (
					"DEBUG=1",
					"$(inherited)",
				);
				INFOPLIST_FILE = "$(SRCROOT)/Nap/Info-OSX.plist";
				INSTALL_PATH = "$(LOCAL_LIBRARY_DIR)/Frameworks";
				LD_RUNPATH_SEARCH_PATHS = "$(inherited) @executable_path/../Frameworks @loader_path/Frameworks";
				PRODUCT_NAME = Nap;
				SDKROOT = macosx;
				SKIP_INSTALL = YES;
				SWIFT_INCLUDE_PATHS = "${SRCROOT}/CommonCrypto";
				SWIFT_OBJC_BRIDGING_HEADER = "";
				SWIFT_OPTIMIZATION_LEVEL = "-Onone";
			};
			name = Debug;
		};
		03861FA31AC67F570017A9D0 /* Release */ = {
			isa = XCBuildConfiguration;
			buildSettings = {
				CLANG_ENABLE_MODULES = YES;
				COMBINE_HIDPI_IMAGES = YES;
				DEFINES_MODULE = YES;
				DYLIB_COMPATIBILITY_VERSION = 1;
				DYLIB_CURRENT_VERSION = 1;
				DYLIB_INSTALL_NAME_BASE = "@rpath";
				FRAMEWORK_SEARCH_PATHS = (
					"$(inherited)",
					/Users/remaerd/Documents/Projects/Personal/xingzhi/Application/Xingzhi/Carthage/Build/Mac,
					"$(PROJECT_DIR)/build/Release-iphoneos",
				);
				FRAMEWORK_VERSION = A;
				INFOPLIST_FILE = "$(SRCROOT)/Nap/Info-OSX.plist";
				INSTALL_PATH = "$(LOCAL_LIBRARY_DIR)/Frameworks";
				LD_RUNPATH_SEARCH_PATHS = "$(inherited) @executable_path/../Frameworks @loader_path/Frameworks";
				PRODUCT_NAME = Nap;
				SDKROOT = macosx;
				SKIP_INSTALL = YES;
				SWIFT_INCLUDE_PATHS = "${SRCROOT}/CommonCrypto";
				SWIFT_OBJC_BRIDGING_HEADER = "";
			};
			name = Release;
		};
		03861FF51AC680E40017A9D0 /* Debug */ = {
			isa = XCBuildConfiguration;
			buildSettings = {
				ASSETCATALOG_COMPILER_APPICON_NAME = AppIcon;
				GCC_PREPROCESSOR_DEFINITIONS = (
					"DEBUG=1",
					"$(inherited)",
				);
				INFOPLIST_FILE = NapDemo/Info.plist;
				LD_RUNPATH_SEARCH_PATHS = "$(inherited) @executable_path/Frameworks";
				PRODUCT_NAME = "$(TARGET_NAME)";
			};
			name = Debug;
		};
		03861FF61AC680E40017A9D0 /* Release */ = {
			isa = XCBuildConfiguration;
			buildSettings = {
				ASSETCATALOG_COMPILER_APPICON_NAME = AppIcon;
				INFOPLIST_FILE = NapDemo/Info.plist;
				LD_RUNPATH_SEARCH_PATHS = "$(inherited) @executable_path/Frameworks";
				PRODUCT_NAME = "$(TARGET_NAME)";
			};
			name = Release;
		};
		03861FF81AC680E40017A9D0 /* Debug */ = {
			isa = XCBuildConfiguration;
			buildSettings = {
				BUNDLE_LOADER = "$(TEST_HOST)";
				FRAMEWORK_SEARCH_PATHS = (
					"$(SDKROOT)/Developer/Library/Frameworks",
					"$(inherited)",
				);
				GCC_PREPROCESSOR_DEFINITIONS = (
					"DEBUG=1",
					"$(inherited)",
				);
				INFOPLIST_FILE = NapDemoTests/Info.plist;
				LD_RUNPATH_SEARCH_PATHS = "$(inherited) @executable_path/Frameworks @loader_path/Frameworks";
				PRODUCT_NAME = "$(TARGET_NAME)";
				TEST_HOST = "$(BUILT_PRODUCTS_DIR)/NapDemo.app/NapDemo";
			};
			name = Debug;
		};
		03861FF91AC680E40017A9D0 /* Release */ = {
			isa = XCBuildConfiguration;
			buildSettings = {
				BUNDLE_LOADER = "$(TEST_HOST)";
				FRAMEWORK_SEARCH_PATHS = (
					"$(SDKROOT)/Developer/Library/Frameworks",
					"$(inherited)",
				);
				INFOPLIST_FILE = NapDemoTests/Info.plist;
				LD_RUNPATH_SEARCH_PATHS = "$(inherited) @executable_path/Frameworks @loader_path/Frameworks";
				PRODUCT_NAME = "$(TARGET_NAME)";
				TEST_HOST = "$(BUILT_PRODUCTS_DIR)/NapDemo.app/NapDemo";
			};
			name = Release;
		};
/* End XCBuildConfiguration section */

/* Begin XCConfigurationList section */
		03861F641AC67BF80017A9D0 /* Build configuration list for PBXProject "Nap" */ = {
			isa = XCConfigurationList;
			buildConfigurations = (
				03861F7E1AC67BF90017A9D0 /* Debug */,
				03861F7F1AC67BF90017A9D0 /* Release */,
			);
			defaultConfigurationIsVisible = 0;
			defaultConfigurationName = Release;
		};
		03861F801AC67BF90017A9D0 /* Build configuration list for PBXNativeTarget "Nap iOS" */ = {
			isa = XCConfigurationList;
			buildConfigurations = (
				03861F811AC67BF90017A9D0 /* Debug */,
				03861F821AC67BF90017A9D0 /* Release */,
			);
			defaultConfigurationIsVisible = 0;
			defaultConfigurationName = Release;
		};
		03861F831AC67BF90017A9D0 /* Build configuration list for PBXNativeTarget "NapTests" */ = {
			isa = XCConfigurationList;
			buildConfigurations = (
				03861F841AC67BF90017A9D0 /* Debug */,
				03861F851AC67BF90017A9D0 /* Release */,
			);
			defaultConfigurationIsVisible = 0;
			defaultConfigurationName = Release;
		};
		03861FA11AC67F570017A9D0 /* Build configuration list for PBXNativeTarget "Nap OSX" */ = {
			isa = XCConfigurationList;
			buildConfigurations = (
				03861FA21AC67F570017A9D0 /* Debug */,
				03861FA31AC67F570017A9D0 /* Release */,
			);
			defaultConfigurationIsVisible = 0;
			defaultConfigurationName = Release;
		};
		03861FF41AC680E40017A9D0 /* Build configuration list for PBXNativeTarget "NapDemo" */ = {
			isa = XCConfigurationList;
			buildConfigurations = (
				03861FF51AC680E40017A9D0 /* Debug */,
				03861FF61AC680E40017A9D0 /* Release */,
			);
			defaultConfigurationIsVisible = 0;
			defaultConfigurationName = Release;
		};
		03861FF71AC680E40017A9D0 /* Build configuration list for PBXNativeTarget "NapDemoTests" */ = {
			isa = XCConfigurationList;
			buildConfigurations = (
				03861FF81AC680E40017A9D0 /* Debug */,
				03861FF91AC680E40017A9D0 /* Release */,
			);
			defaultConfigurationIsVisible = 0;
			defaultConfigurationName = Release;
		};
/* End XCConfigurationList section */
	};
	rootObject = 03861F611AC67BF80017A9D0 /* Project object */;
}
